// !$*UTF8*$!
{
	archiveVersion = 1;
	classes = {
	};
	objectVersion = 46;
	objects = {

/* Begin PBXBuildFile section */
		340F17C71C18052300F688F8 /* main.m in Sources */ = {isa = PBXBuildFile; fileRef = 340F17C61C18052300F688F8 /* main.m */; };
		340F17CA1C18052300F688F8 /* AppDelegate.m in Sources */ = {isa = PBXBuildFile; fileRef = 340F17C91C18052300F688F8 /* AppDelegate.m */; };
		340F17CD1C18052300F688F8 /* ViewController.m in Sources */ = {isa = PBXBuildFile; fileRef = 340F17CC1C18052300F688F8 /* ViewController.m */; };
		340F17D01C18052300F688F8 /* Main.storyboard in Resources */ = {isa = PBXBuildFile; fileRef = 340F17CE1C18052300F688F8 /* Main.storyboard */; };
		340F17D21C18052300F688F8 /* Assets.xcassets in Resources */ = {isa = PBXBuildFile; fileRef = 340F17D11C18052300F688F8 /* Assets.xcassets */; };
		340F17D51C18052300F688F8 /* LaunchScreen.storyboard in Resources */ = {isa = PBXBuildFile; fileRef = 340F17D31C18052300F688F8 /* LaunchScreen.storyboard */; };
		340F17E01C18052300F688F8 /* ColorfulTabBarTests.m in Sources */ = {isa = PBXBuildFile; fileRef = 340F17DF1C18052300F688F8 /* ColorfulTabBarTests.m */; };
		340F17EB1C18052300F688F8 /* ColorfulTabBarUITests.m in Sources */ = {isa = PBXBuildFile; fileRef = 340F17EA1C18052300F688F8 /* ColorfulTabBarUITests.m */; };
/* End PBXBuildFile section */

/* Begin PBXContainerItemProxy section */
		340F17DC1C18052300F688F8 /* PBXContainerItemProxy */ = {
			isa = PBXContainerItemProxy;
			containerPortal = 340F17BA1C18052300F688F8 /* Project object */;
			proxyType = 1;
			remoteGlobalIDString = 340F17C11C18052300F688F8;
			remoteInfo = ColorfulTabBar;
		};
		340F17E71C18052300F688F8 /* PBXContainerItemProxy */ = {
			isa = PBXContainerItemProxy;
			containerPortal = 340F17BA1C18052300F688F8 /* Project object */;
			proxyType = 1;
			remoteGlobalIDString = 340F17C11C18052300F688F8;
			remoteInfo = ColorfulTabBar;
		};
/* End PBXContainerItemProxy section */

/* Begin PBXFileReference section */
		340F17C21C18052300F688F8 /* ColorfulTabBar.app */ = {isa = PBXFileReference; explicitFileType = wrapper.application; includeInIndex = 0; path = ColorfulTabBar.app; sourceTree = BUILT_PRODUCTS_DIR; };
		340F17C61C18052300F688F8 /* main.m */ = {isa = PBXFileReference; lastKnownFileType = sourcecode.c.objc; path = main.m; sourceTree = "<group>"; };
		340F17C81C18052300F688F8 /* AppDelegate.h */ = {isa = PBXFileReference; lastKnownFileType = sourcecode.c.h; path = AppDelegate.h; sourceTree = "<group>"; };
		340F17C91C18052300F688F8 /* AppDelegate.m */ = {isa = PBXFileReference; lastKnownFileType = sourcecode.c.objc; path = AppDelegate.m; sourceTree = "<group>"; };
		340F17CB1C18052300F688F8 /* ViewController.h */ = {isa = PBXFileReference; lastKnownFileType = sourcecode.c.h; path = ViewController.h; sourceTree = "<group>"; };
		340F17CC1C18052300F688F8 /* ViewController.m */ = {isa = PBXFileReference; lastKnownFileType = sourcecode.c.objc; path = ViewController.m; sourceTree = "<group>"; };
		340F17CF1C18052300F688F8 /* Base */ = {isa = PBXFileReference; lastKnownFileType = file.storyboard; name = Base; path = Base.lproj/Main.storyboard; sourceTree = "<group>"; };
		340F17D11C18052300F688F8 /* Assets.xcassets */ = {isa = PBXFileReference; lastKnownFileType = folder.assetcatalog; path = Assets.xcassets; sourceTree = "<group>"; };
		340F17D41C18052300F688F8 /* Base */ = {isa = PBXFileReference; lastKnownFileType = file.storyboard; name = Base; path = Base.lproj/LaunchScreen.storyboard; sourceTree = "<group>"; };
		340F17D61C18052300F688F8 /* Info.plist */ = {isa = PBXFileReference; lastKnownFileType = text.plist.xml; path = Info.plist; sourceTree = "<group>"; };
		340F17DB1C18052300F688F8 /* ColorfulTabBarTests.xctest */ = {isa = PBXFileReference; explicitFileType = wrapper.cfbundle; includeInIndex = 0; path = ColorfulTabBarTests.xctest; sourceTree = BUILT_PRODUCTS_DIR; };
		340F17DF1C18052300F688F8 /* ColorfulTabBarTests.m */ = {isa = PBXFileReference; lastKnownFileType = sourcecode.c.objc; path = ColorfulTabBarTests.m; sourceTree = "<group>"; };
		340F17E11C18052300F688F8 /* Info.plist */ = {isa = PBXFileReference; lastKnownFileType = text.plist.xml; path = Info.plist; sourceTree = "<group>"; };
		340F17E61C18052300F688F8 /* ColorfulTabBarUITests.xctest */ = {isa = PBXFileReference; explicitFileType = wrapper.cfbundle; includeInIndex = 0; path = ColorfulTabBarUITests.xctest; sourceTree = BUILT_PRODUCTS_DIR; };
		340F17EA1C18052300F688F8 /* ColorfulTabBarUITests.m */ = {isa = PBXFileReference; lastKnownFileType = sourcecode.c.objc; path = ColorfulTabBarUITests.m; sourceTree = "<group>"; };
		340F17EC1C18052300F688F8 /* Info.plist */ = {isa = PBXFileReference; lastKnownFileType = text.plist.xml; path = Info.plist; sourceTree = "<group>"; };
/* End PBXFileReference section */

/* Begin PBXFrameworksBuildPhase section */
		340F17BF1C18052300F688F8 /* Frameworks */ = {
			isa = PBXFrameworksBuildPhase;
			buildActionMask = 2147483647;
			files = (
			);
			runOnlyForDeploymentPostprocessing = 0;
		};
		340F17D81C18052300F688F8 /* Frameworks */ = {
			isa = PBXFrameworksBuildPhase;
			buildActionMask = 2147483647;
			files = (
			);
			runOnlyForDeploymentPostprocessing = 0;
		};
		340F17E31C18052300F688F8 /* Frameworks */ = {
			isa = PBXFrameworksBuildPhase;
			buildActionMask = 2147483647;
			files = (
			);
			runOnlyForDeploymentPostprocessing = 0;
		};
/* End PBXFrameworksBuildPhase section */

/* Begin PBXGroup section */
		340F17B91C18052300F688F8 = {
			isa = PBXGroup;
			children = (
				340F17C41C18052300F688F8 /* ColorfulTabBar */,
				340F17DE1C18052300F688F8 /* ColorfulTabBarTests */,
				340F17E91C18052300F688F8 /* ColorfulTabBarUITests */,
				340F17C31C18052300F688F8 /* Products */,
			);
			sourceTree = "<group>";
		};
		340F17C31C18052300F688F8 /* Products */ = {
			isa = PBXGroup;
			children = (
				340F17C21C18052300F688F8 /* ColorfulTabBar.app */,
				340F17DB1C18052300F688F8 /* ColorfulTabBarTests.xctest */,
				340F17E61C18052300F688F8 /* ColorfulTabBarUITests.xctest */,
			);
			name = Products;
			sourceTree = "<group>";
		};
		340F17C41C18052300F688F8 /* ColorfulTabBar */ = {
			isa = PBXGroup;
			children = (
				340F17C81C18052300F688F8 /* AppDelegate.h */,
				340F17C91C18052300F688F8 /* AppDelegate.m */,
				340F17CB1C18052300F688F8 /* ViewController.h */,
				340F17CC1C18052300F688F8 /* ViewController.m */,
				340F17CE1C18052300F688F8 /* Main.storyboard */,
				340F17D11C18052300F688F8 /* Assets.xcassets */,
				340F17D31C18052300F688F8 /* LaunchScreen.storyboard */,
				340F17D61C18052300F688F8 /* Info.plist */,
				340F17C51C18052300F688F8 /* Supporting Files */,
			);
			path = ColorfulTabBar;
			sourceTree = "<group>";
		};
		340F17C51C18052300F688F8 /* Supporting Files */ = {
			isa = PBXGroup;
			children = (
				340F17C61C18052300F688F8 /* main.m */,
			);
			name = "Supporting Files";
			sourceTree = "<group>";
		};
		340F17DE1C18052300F688F8 /* ColorfulTabBarTests */ = {
			isa = PBXGroup;
			children = (
				340F17DF1C18052300F688F8 /* ColorfulTabBarTests.m */,
				340F17E11C18052300F688F8 /* Info.plist */,
			);
			path = ColorfulTabBarTests;
			sourceTree = "<group>";
		};
		340F17E91C18052300F688F8 /* ColorfulTabBarUITests */ = {
			isa = PBXGroup;
			children = (
				340F17EA1C18052300F688F8 /* ColorfulTabBarUITests.m */,
				340F17EC1C18052300F688F8 /* Info.plist */,
			);
			path = ColorfulTabBarUITests;
			sourceTree = "<group>";
		};
/* End PBXGroup section */

/* Begin PBXNativeTarget section */
		340F17C11C18052300F688F8 /* ColorfulTabBar */ = {
			isa = PBXNativeTarget;
			buildConfigurationList = 340F17EF1C18052300F688F8 /* Build configuration list for PBXNativeTarget "ColorfulTabBar" */;
			buildPhases = (
				340F17BE1C18052300F688F8 /* Sources */,
				340F17BF1C18052300F688F8 /* Frameworks */,
				340F17C01C18052300F688F8 /* Resources */,
			);
			buildRules = (
			);
			dependencies = (
			);
			name = ColorfulTabBar;
			productName = ColorfulTabBar;
			productReference = 340F17C21C18052300F688F8 /* ColorfulTabBar.app */;
			productType = "com.apple.product-type.application";
		};
		340F17DA1C18052300F688F8 /* ColorfulTabBarTests */ = {
			isa = PBXNativeTarget;
			buildConfigurationList = 340F17F21C18052300F688F8 /* Build configuration list for PBXNativeTarget "ColorfulTabBarTests" */;
			buildPhases = (
				340F17D71C18052300F688F8 /* Sources */,
				340F17D81C18052300F688F8 /* Frameworks */,
				340F17D91C18052300F688F8 /* Resources */,
			);
			buildRules = (
			);
			dependencies = (
				340F17DD1C18052300F688F8 /* PBXTargetDependency */,
			);
			name = ColorfulTabBarTests;
			productName = ColorfulTabBarTests;
			productReference = 340F17DB1C18052300F688F8 /* ColorfulTabBarTests.xctest */;
			productType = "com.apple.product-type.bundle.unit-test";
		};
		340F17E51C18052300F688F8 /* ColorfulTabBarUITests */ = {
			isa = PBXNativeTarget;
			buildConfigurationList = 340F17F51C18052300F688F8 /* Build configuration list for PBXNativeTarget "ColorfulTabBarUITests" */;
			buildPhases = (
				340F17E21C18052300F688F8 /* Sources */,
				340F17E31C18052300F688F8 /* Frameworks */,
				340F17E41C18052300F688F8 /* Resources */,
			);
			buildRules = (
			);
			dependencies = (
				340F17E81C18052300F688F8 /* PBXTargetDependency */,
			);
			name = ColorfulTabBarUITests;
			productName = ColorfulTabBarUITests;
			productReference = 340F17E61C18052300F688F8 /* ColorfulTabBarUITests.xctest */;
			productType = "com.apple.product-type.bundle.ui-testing";
		};
/* End PBXNativeTarget section */

/* Begin PBXProject section */
		340F17BA1C18052300F688F8 /* Project object */ = {
			isa = PBXProject;
			attributes = {
				LastUpgradeCheck = 0710;
				ORGANIZATIONNAME = Dvel;
				TargetAttributes = {
					340F17C11C18052300F688F8 = {
						CreatedOnToolsVersion = 7.1;
						DevelopmentTeam = 833WCK9B62;
					};
					340F17DA1C18052300F688F8 = {
						CreatedOnToolsVersion = 7.1;
						DevelopmentTeam = 833WCK9B62;
						TestTargetID = 340F17C11C18052300F688F8;
					};
					340F17E51C18052300F688F8 = {
						CreatedOnToolsVersion = 7.1;
						DevelopmentTeam = 833WCK9B62;
						TestTargetID = 340F17C11C18052300F688F8;
					};
				};
			};
			buildConfigurationList = 340F17BD1C18052300F688F8 /* Build configuration list for PBXProject "ColorfulTabBar" */;
			compatibilityVersion = "Xcode 3.2";
			developmentRegion = English;
			hasScannedForEncodings = 0;
			knownRegions = (
				en,
				Base,
			);
			mainGroup = 340F17B91C18052300F688F8;
			productRefGroup = 340F17C31C18052300F688F8 /* Products */;
			projectDirPath = "";
			projectRoot = "";
			targets = (
				340F17C11C18052300F688F8 /* ColorfulTabBar */,
				340F17DA1C18052300F688F8 /* ColorfulTabBarTests */,
				340F17E51C18052300F688F8 /* ColorfulTabBarUITests */,
			);
		};
/* End PBXProject section */

/* Begin PBXResourcesBuildPhase section */
		340F17C01C18052300F688F8 /* Resources */ = {
			isa = PBXResourcesBuildPhase;
			buildActionMask = 2147483647;
			files = (
				340F17D51C18052300F688F8 /* LaunchScreen.storyboard in Resources */,
				340F17D21C18052300F688F8 /* Assets.xcassets in Resources */,
				340F17D01C18052300F688F8 /* Main.storyboard in Resources */,
			);
			runOnlyForDeploymentPostprocessing = 0;
		};
		340F17D91C18052300F688F8 /* Resources */ = {
			isa = PBXResourcesBuildPhase;
			buildActionMask = 2147483647;
			files = (
			);
			runOnlyForDeploymentPostprocessing = 0;
		};
		340F17E41C18052300F688F8 /* Resources */ = {
			isa = PBXResourcesBuildPhase;
			buildActionMask = 2147483647;
			files = (
			);
			runOnlyForDeploymentPostprocessing = 0;
		};
/* End PBXResourcesBuildPhase section */

/* Begin PBXSourcesBuildPhase section */
		340F17BE1C18052300F688F8 /* Sources */ = {
			isa = PBXSourcesBuildPhase;
			buildActionMask = 2147483647;
			files = (
				340F17CD1C18052300F688F8 /* ViewController.m in Sources */,
				340F17CA1C18052300F688F8 /* AppDelegate.m in Sources */,
				340F17C71C18052300F688F8 /* main.m in Sources */,
			);
			runOnlyForDeploymentPostprocessing = 0;
		};
		340F17D71C18052300F688F8 /* Sources */ = {
			isa = PBXSourcesBuildPhase;
			buildActionMask = 2147483647;
			files = (
				340F17E01C18052300F688F8 /* ColorfulTabBarTests.m in Sources */,
			);
			runOnlyForDeploymentPostprocessing = 0;
		};
		340F17E21C18052300F688F8 /* Sources */ = {
			isa = PBXSourcesBuildPhase;
			buildActionMask = 2147483647;
			files = (
				340F17EB1C18052300F688F8 /* ColorfulTabBarUITests.m in Sources */,
			);
			runOnlyForDeploymentPostprocessing = 0;
		};
/* End PBXSourcesBuildPhase section */

/* Begin PBXTargetDependency section */
		340F17DD1C18052300F688F8 /* PBXTargetDependency */ = {
			isa = PBXTargetDependency;
			target = 340F17C11C18052300F688F8 /* ColorfulTabBar */;
			targetProxy = 340F17DC1C18052300F688F8 /* PBXContainerItemProxy */;
		};
		340F17E81C18052300F688F8 /* PBXTargetDependency */ = {
			isa = PBXTargetDependency;
			target = 340F17C11C18052300F688F8 /* ColorfulTabBar */;
			targetProxy = 340F17E71C18052300F688F8 /* PBXContainerItemProxy */;
		};
/* End PBXTargetDependency section */

/* Begin PBXVariantGroup section */
		340F17CE1C18052300F688F8 /* Main.storyboard */ = {
			isa = PBXVariantGroup;
			children = (
				340F17CF1C18052300F688F8 /* Base */,
			);
			name = Main.storyboard;
			sourceTree = "<group>";
		};
		340F17D31C18052300F688F8 /* LaunchScreen.storyboard */ = {
			isa = PBXVariantGroup;
			children = (
				340F17D41C18052300F688F8 /* Base */,
			);
			name = LaunchScreen.storyboard;
			sourceTree = "<group>";
		};
/* End PBXVariantGroup section */

/* Begin XCBuildConfiguration section */
		340F17ED1C18052300F688F8 /* Debug */ = {
			isa = XCBuildConfiguration;
			buildSettings = {
				ALWAYS_SEARCH_USER_PATHS = NO;
				CLANG_CXX_LANGUAGE_STANDARD = "gnu++0x";
				CLANG_CXX_LIBRARY = "libc++";
				CLANG_ENABLE_MODULES = YES;
				CLANG_ENABLE_OBJC_ARC = YES;
				CLANG_WARN_BOOL_CONVERSION = YES;
				CLANG_WARN_CONSTANT_CONVERSION = YES;
				CLANG_WARN_DIRECT_OBJC_ISA_USAGE = YES_ERROR;
				CLANG_WARN_EMPTY_BODY = YES;
				CLANG_WARN_ENUM_CONVERSION = YES;
				CLANG_WARN_INT_CONVERSION = YES;
				CLANG_WARN_OBJC_ROOT_CLASS = YES_ERROR;
				CLANG_WARN_UNREACHABLE_CODE = YES;
				CLANG_WARN__DUPLICATE_METHOD_MATCH = YES;
				"CODE_SIGN_IDENTITY[sdk=iphoneos*]" = "iPhone Developer";
				COPY_PHASE_STRIP = NO;
				DEBUG_INFORMATION_FORMAT = dwarf;
				ENABLE_STRICT_OBJC_MSGSEND = YES;
				ENABLE_TESTABILITY = YES;
				GCC_C_LANGUAGE_STANDARD = gnu99;
				GCC_DYNAMIC_NO_PIC = NO;
				GCC_NO_COMMON_BLOCKS = YES;
				GCC_OPTIMIZATION_LEVEL = 0;
				GCC_PREPROCESSOR_DEFINITIONS = (
					"DEBUG=1",
					"$(inherited)",
				);
				GCC_WARN_64_TO_32_BIT_CONVERSION = YES;
				GCC_WARN_ABOUT_RETURN_TYPE = YES_ERROR;
				GCC_WARN_UNDECLARED_SELECTOR = YES;
				GCC_WARN_UNINITIALIZED_AUTOS = YES_AGGRESSIVE;
				GCC_WARN_UNUSED_FUNCTION = YES;
				GCC_WARN_UNUSED_VARIABLE = YES;
				IPHONEOS_DEPLOYMENT_TARGET = 9.1;
				MTL_ENABLE_DEBUG_INFO = YES;
				ONLY_ACTIVE_ARCH = YES;
				SDKROOT = iphoneos;
			};
			name = Debug;
		};
		340F17EE1C18052300F688F8 /* Release */ = {
			isa = XCBuildConfiguration;
			buildSettings = {
				ALWAYS_SEARCH_USER_PATHS = NO;
				CLANG_CXX_LANGUAGE_STANDARD = "gnu++0x";
				CLANG_CXX_LIBRARY = "libc++";
				CLANG_ENABLE_MODULES = YES;
				CLANG_ENABLE_OBJC_ARC = YES;
				CLANG_WARN_BOOL_CONVERSION = YES;
				CLANG_WARN_CONSTANT_CONVERSION = YES;
				CLANG_WARN_DIRECT_OBJC_ISA_USAGE = YES_ERROR;
				CLANG_WARN_EMPTY_BODY = YES;
				CLANG_WARN_ENUM_CONVERSION = YES;
				CLANG_WARN_INT_CONVERSION = YES;
				CLANG_WARN_OBJC_ROOT_CLASS = YES_ERROR;
				CLANG_WARN_UNREACHABLE_CODE = YES;
				CLANG_WARN__DUPLICATE_METHOD_MATCH = YES;
				"CODE_SIGN_IDENTITY[sdk=iphoneos*]" = "iPhone Developer";
				COPY_PHASE_STRIP = NO;
				DEBUG_INFORMATION_FORMAT = "dwarf-with-dsym";
				ENABLE_NS_ASSERTIONS = NO;
				ENABLE_STRICT_OBJC_MSGSEND = YES;
				GCC_C_LANGUAGE_STANDARD = gnu99;
				GCC_NO_COMMON_BLOCKS = YES;
				GCC_WARN_64_TO_32_BIT_CONVERSION = YES;
				GCC_WARN_ABOUT_RETURN_TYPE = YES_ERROR;
				GCC_WARN_UNDECLARED_SELECTOR = YES;
				GCC_WARN_UNINITIALIZED_AUTOS = YES_AGGRESSIVE;
				GCC_WARN_UNUSED_FUNCTION = YES;
				GCC_WARN_UNUSED_VARIABLE = YES;
				IPHONEOS_DEPLOYMENT_TARGET = 9.1;
				MTL_ENABLE_DEBUG_INFO = NO;
				SDKROOT = iphoneos;
				VALIDATE_PRODUCT = YES;
			};
			name = Release;
		};
		340F17F01C18052300F688F8 /* Debug */ = {
			isa = XCBuildConfiguration;
			buildSettings = {
				ASSETCATALOG_COMPILER_APPICON_NAME = AppIcon;
				INFOPLIST_FILE = ColorfulTabBar/Info.plist;
				LD_RUNPATH_SEARCH_PATHS = "$(inherited) @executable_path/Frameworks";
				PRODUCT_BUNDLE_IDENTIFIER = cc.dvel.ColorfulTabBar;
				PRODUCT_NAME = "$(TARGET_NAME)";
			};
			name = Debug;
		};
		340F17F11C18052300F688F8 /* Release */ = {
			isa = XCBuildConfiguration;
			buildSettings = {
				ASSETCATALOG_COMPILER_APPICON_NAME = AppIcon;
				INFOPLIST_FILE = ColorfulTabBar/Info.plist;
				LD_RUNPATH_SEARCH_PATHS = "$(inherited) @executable_path/Frameworks";
				PRODUCT_BUNDLE_IDENTIFIER = cc.dvel.ColorfulTabBar;
				PRODUCT_NAME = "$(TARGET_NAME)";
			};
			name = Release;
		};
		340F17F31C18052300F688F8 /* Debug */ = {
			isa = XCBuildConfiguration;
			buildSettings = {
				BUNDLE_LOADER = "$(TEST_HOST)";
				INFOPLIST_FILE = ColorfulTabBarTests/Info.plist;
				LD_RUNPATH_SEARCH_PATHS = "$(inherited) @executable_path/Frameworks @loader_path/Frameworks";
				PRODUCT_BUNDLE_IDENTIFIER = cc.dvel.ColorfulTabBarTests;
				PRODUCT_NAME = "$(TARGET_NAME)";
				TEST_HOST = "$(BUILT_PRODUCTS_DIR)/ColorfulTabBar.app/ColorfulTabBar";
			};
			name = Debug;
		};
		340F17F41C18052300F688F8 /* Release */ = {
			isa = XCBuildConfiguration;
			buildSettings = {
				BUNDLE_LOADER = "$(TEST_HOST)";
				INFOPLIST_FILE = ColorfulTabBarTests/Info.plist;
				LD_RUNPATH_SEARCH_PATHS = "$(inherited) @executable_path/Frameworks @loader_path/Frameworks";
				PRODUCT_BUNDLE_IDENTIFIER = cc.dvel.ColorfulTabBarTests;
				PRODUCT_NAME = "$(TARGET_NAME)";
				TEST_HOST = "$(BUILT_PRODUCTS_DIR)/ColorfulTabBar.app/ColorfulTabBar";
			};
			name = Release;
		};
		340F17F61C18052300F688F8 /* Debug */ = {
			isa = XCBuildConfiguration;
			buildSettings = {
				INFOPLIST_FILE = ColorfulTabBarUITests/Info.plist;
				LD_RUNPATH_SEARCH_PATHS = "$(inherited) @executable_path/Frameworks @loader_path/Frameworks";
				PRODUCT_BUNDLE_IDENTIFIER = cc.dvel.ColorfulTabBarUITests;
				PRODUCT_NAME = "$(TARGET_NAME)";
				TEST_TARGET_NAME = ColorfulTabBar;
				USES_XCTRUNNER = YES;
			};
			name = Debug;
		};
		340F17F71C18052300F688F8 /* Release */ = {
			isa = XCBuildConfiguration;
			buildSettings = {
				INFOPLIST_FILE = ColorfulTabBarUITests/Info.plist;
				LD_RUNPATH_SEARCH_PATHS = "$(inherited) @executable_path/Frameworks @loader_path/Frameworks";
				PRODUCT_BUNDLE_IDENTIFIER = cc.dvel.ColorfulTabBarUITests;
				PRODUCT_NAME = "$(TARGET_NAME)";
				TEST_TARGET_NAME = ColorfulTabBar;
				USES_XCTRUNNER = YES;
			};
			name = Release;
		};
/* End XCBuildConfiguration section */

/* Begin XCConfigurationList section */
		340F17BD1C18052300F688F8 /* Build configuration list for PBXProject "ColorfulTabBar" */ = {
			isa = XCConfigurationList;
			buildConfigurations = (
				340F17ED1C18052300F688F8 /* Debug */,
				340F17EE1C18052300F688F8 /* Release */,
			);
			defaultConfigurationIsVisible = 0;
			defaultConfigurationName = Release;
		};
		340F17EF1C18052300F688F8 /* Build configuration list for PBXNativeTarget "ColorfulTabBar" */ = {
			isa = XCConfigurationList;
			buildConfigurations = (
				340F17F01C18052300F688F8 /* Debug */,
				340F17F11C18052300F688F8 /* Release */,
			);
			defaultConfigurationIsVisible = 0;
		};
		340F17F21C18052300F688F8 /* Build configuration list for PBXNativeTarget "ColorfulTabBarTests" */ = {
			isa = XCConfigurationList;
			buildConfigurations = (
				340F17F31C18052300F688F8 /* Debug */,
				340F17F41C18052300F688F8 /* Release */,
			);
			defaultConfigurationIsVisible = 0;
		};
		340F17F51C18052300F688F8 /* Build configuration list for PBXNativeTarget "ColorfulTabBarUITests" */ = {
			isa = XCConfigurationList;
			buildConfigurations = (
				340F17F61C18052300F688F8 /* Debug */,
				340F17F71C18052300F688F8 /* Release */,
			);
			defaultConfigurationIsVisible = 0;
		};
/* End XCConfigurationList section */
	};
	rootObject = 340F17BA1C18052300F688F8 /* Project object */;
}
